
Microsoft Visual Studio Solution File, Format Version 12.00
# Visual Studio Version 17
VisualStudioVersion = 17.2.32616.157
MinimumVisualStudioVersion = 10.0.40219.1
Project("{FAE04EC0-301F-11D3-BF4B-00C04F79EFBC}") = "TD4", "TD4\TD4.csproj", "{822BBFA8-AD9C-42CB-8906-A8E4565549D7}"
EndProject
Global
	GlobalSection(SolutionConfigurationPlatforms) = preSolution
		Debug|Any CPU = Debug|Any CPU
		Release|Any CPU = Release|Any CPU
	EndGlobalSection
	GlobalSection(ProjectConfigurationPlatforms) = postSolution
		{822BBFA8-AD9C-42CB-8906-A8E4565549D7}.Debug|Any CPU.ActiveCfg = Debug|Any CPU
		{822BBFA8-AD9C-42CB-8906-A8E4565549D7}.Debug|Any CPU.Build.0 = Debug|Any CPU
		{822BBFA8-AD9C-42CB-8906-A8E4565549D7}.Release|Any CPU.ActiveCfg = Release|Any CPU
		{822BBFA8-AD9C-42CB-8906-A8E4565549D7}.Release|Any CPU.Build.0 = Release|Any CPU
	EndGlobalSection
	GlobalSection(SolutionProperties) = preSolution
		HideSolutionNode = FALSE
	EndGlobalSection
	GlobalSection(ExtensibilityGlobals) = postSolution
		SolutionGuid = {E79CCDFA-F685-4249-9A0A-077DB362321C}
	EndGlobalSection
EndGlobal
